
Microsoft Visual Studio Solution File, Format Version 12.00
# Visual Studio Version 17
VisualStudioVersion = 17.9.34701.34
MinimumVisualStudioVersion = 10.0.40219.1
Project("{9A19103F-16F7-4668-BE54-9A1E7A4F7556}") = "CurdAssesment", "CurdAssesment\CurdAssesment.csproj", "{6E1E8091-8B53-4BD7-9596-F58B9F3BCE84}"
EndProject
Project("{2150E333-8FDC-42A3-9474-1A3956D46DE8}") = "Solution Items", "Solution Items", "{C4BCC4C0-BE00-4EFC-9799-25F79A043922}"
	ProjectSection(SolutionItems) = preProject
		.editorconfig = .editorconfig
	EndProjectSection
EndProject
Global
	GlobalSection(SolutionConfigurationPlatforms) = preSolution
		Debug|Any CPU = Debug|Any CPU
		Release|Any CPU = Release|Any CPU
	EndGlobalSection
	GlobalSection(ProjectConfigurationPlatforms) = postSolution
		{6E1E8091-8B53-4BD7-9596-F58B9F3BCE84}.Debug|Any CPU.ActiveCfg = Debug|Any CPU
		{6E1E8091-8B53-4BD7-9596-F58B9F3BCE84}.Debug|Any CPU.Build.0 = Debug|Any CPU
		{6E1E8091-8B53-4BD7-9596-F58B9F3BCE84}.Release|Any CPU.ActiveCfg = Release|Any CPU
		{6E1E8091-8B53-4BD7-9596-F58B9F3BCE84}.Release|Any CPU.Build.0 = Release|Any CPU
	EndGlobalSection
	GlobalSection(SolutionProperties) = preSolution
		HideSolutionNode = FALSE
	EndGlobalSection
	GlobalSection(ExtensibilityGlobals) = postSolution
		SolutionGuid = {BC1A15C3-B47F-4FA0-AFFC-38E9A5CBF5A7}
	EndGlobalSection
EndGlobal
